// !$*UTF8*$!
{
	archiveVersion = 1;
	classes = {
	};
	objectVersion = 55;
	objects = {

/* Begin PBXBuildFile section */
		9F335A99282439E5004DE967 /* AppDelegate.swift in Sources */ = {isa = PBXBuildFile; fileRef = 9F335A98282439E5004DE967 /* AppDelegate.swift */; };
		9F335A9B282439E5004DE967 /* SceneDelegate.swift in Sources */ = {isa = PBXBuildFile; fileRef = 9F335A9A282439E5004DE967 /* SceneDelegate.swift */; };
		9F335AA2282439E7004DE967 /* Assets.xcassets in Resources */ = {isa = PBXBuildFile; fileRef = 9F335AA1282439E7004DE967 /* Assets.xcassets */; };
		9F335AA5282439E7004DE967 /* LaunchScreen.storyboard in Resources */ = {isa = PBXBuildFile; fileRef = 9F335AA3282439E7004DE967 /* LaunchScreen.storyboard */; };
		9F335AAD28243BF9004DE967 /* Main.storyboard in Resources */ = {isa = PBXBuildFile; fileRef = 9F335AAC28243BF9004DE967 /* Main.storyboard */; };
		9F335AAF28243C92004DE967 /* PeopleViewController.swift in Sources */ = {isa = PBXBuildFile; fileRef = 9F335AAE28243C92004DE967 /* PeopleViewController.swift */; };
		9F335AB128243CD6004DE967 /* PeopleViewModel.swift in Sources */ = {isa = PBXBuildFile; fileRef = 9F335AB028243CD6004DE967 /* PeopleViewModel.swift */; };
		9F335AB328243D94004DE967 /* PeopleCollectionViewCell.swift in Sources */ = {isa = PBXBuildFile; fileRef = 9F335AB228243D94004DE967 /* PeopleCollectionViewCell.swift */; };
		9F335AB528243DDB004DE967 /* Constants.swift in Sources */ = {isa = PBXBuildFile; fileRef = 9F335AB428243DDB004DE967 /* Constants.swift */; };
		9F335AB728243E17004DE967 /* PeopleData.swift in Sources */ = {isa = PBXBuildFile; fileRef = 9F335AB628243E17004DE967 /* PeopleData.swift */; };
		9F335AB928243E46004DE967 /* ApiTask.swift in Sources */ = {isa = PBXBuildFile; fileRef = 9F335AB828243E46004DE967 /* ApiTask.swift */; };
		9F335ABB28243E7C004DE967 /* DirectoryApi.swift in Sources */ = {isa = PBXBuildFile; fileRef = 9F335ABA28243E7C004DE967 /* DirectoryApi.swift */; };
		9F335ABD28243EB6004DE967 /* ApiError.swift in Sources */ = {isa = PBXBuildFile; fileRef = 9F335ABC28243EB5004DE967 /* ApiError.swift */; };
		9F335ABF28243F24004DE967 /* ImageDownloader.swift in Sources */ = {isa = PBXBuildFile; fileRef = 9F335ABE28243F24004DE967 /* ImageDownloader.swift */; };
		9F335AC128243F8B004DE967 /* ImageCacher.swift in Sources */ = {isa = PBXBuildFile; fileRef = 9F335AC028243F8B004DE967 /* ImageCacher.swift */; };
/* End PBXBuildFile section */

/* Begin PBXFileReference section */
		9F335A95282439E5004DE967 /* AppDirectory.app */ = {isa = PBXFileReference; explicitFileType = wrapper.application; includeInIndex = 0; path = AppDirectory.app; sourceTree = BUILT_PRODUCTS_DIR; };
		9F335A98282439E5004DE967 /* AppDelegate.swift */ = {isa = PBXFileReference; lastKnownFileType = sourcecode.swift; path = AppDelegate.swift; sourceTree = "<group>"; };
		9F335A9A282439E5004DE967 /* SceneDelegate.swift */ = {isa = PBXFileReference; lastKnownFileType = sourcecode.swift; path = SceneDelegate.swift; sourceTree = "<group>"; };
		9F335AA1282439E7004DE967 /* Assets.xcassets */ = {isa = PBXFileReference; lastKnownFileType = folder.assetcatalog; path = Assets.xcassets; sourceTree = "<group>"; };
		9F335AA4282439E7004DE967 /* Base */ = {isa = PBXFileReference; lastKnownFileType = file.storyboard; name = Base; path = Base.lproj/LaunchScreen.storyboard; sourceTree = "<group>"; };
		9F335AA6282439E7004DE967 /* Info.plist */ = {isa = PBXFileReference; lastKnownFileType = text.plist.xml; path = Info.plist; sourceTree = "<group>"; };
		9F335AAC28243BF9004DE967 /* Main.storyboard */ = {isa = PBXFileReference; fileEncoding = 4; lastKnownFileType = file.storyboard; path = Main.storyboard; sourceTree = "<group>"; };
		9F335AAE28243C92004DE967 /* PeopleViewController.swift */ = {isa = PBXFileReference; lastKnownFileType = sourcecode.swift; path = PeopleViewController.swift; sourceTree = "<group>"; };
		9F335AB028243CD6004DE967 /* PeopleViewModel.swift */ = {isa = PBXFileReference; lastKnownFileType = sourcecode.swift; path = PeopleViewModel.swift; sourceTree = "<group>"; };
		9F335AB228243D94004DE967 /* PeopleCollectionViewCell.swift */ = {isa = PBXFileReference; lastKnownFileType = sourcecode.swift; path = PeopleCollectionViewCell.swift; sourceTree = "<group>"; };
		9F335AB428243DDB004DE967 /* Constants.swift */ = {isa = PBXFileReference; lastKnownFileType = sourcecode.swift; path = Constants.swift; sourceTree = "<group>"; };
		9F335AB628243E17004DE967 /* PeopleData.swift */ = {isa = PBXFileReference; lastKnownFileType = sourcecode.swift; path = PeopleData.swift; sourceTree = "<group>"; };
		9F335AB828243E46004DE967 /* ApiTask.swift */ = {isa = PBXFileReference; lastKnownFileType = sourcecode.swift; path = ApiTask.swift; sourceTree = "<group>"; };
		9F335ABA28243E7C004DE967 /* DirectoryApi.swift */ = {isa = PBXFileReference; lastKnownFileType = sourcecode.swift; path = DirectoryApi.swift; sourceTree = "<group>"; };
		9F335ABC28243EB5004DE967 /* ApiError.swift */ = {isa = PBXFileReference; lastKnownFileType = sourcecode.swift; path = ApiError.swift; sourceTree = "<group>"; };
		9F335ABE28243F24004DE967 /* ImageDownloader.swift */ = {isa = PBXFileReference; lastKnownFileType = sourcecode.swift; path = ImageDownloader.swift; sourceTree = "<group>"; };
		9F335AC028243F8B004DE967 /* ImageCacher.swift */ = {isa = PBXFileReference; lastKnownFileType = sourcecode.swift; path = ImageCacher.swift; sourceTree = "<group>"; };
/* End PBXFileReference section */

/* Begin PBXFrameworksBuildPhase section */
		9F335A92282439E5004DE967 /* Frameworks */ = {
			isa = PBXFrameworksBuildPhase;
			buildActionMask = 2147483647;
			files = (
			);
			runOnlyForDeploymentPostprocessing = 0;
		};
/* End PBXFrameworksBuildPhase section */

/* Begin PBXGroup section */
		9F335A8C282439E5004DE967 = {
			isa = PBXGroup;
			children = (
				9F335A97282439E5004DE967 /* AppDirectory */,
				9F335A96282439E5004DE967 /* Products */,
			);
			sourceTree = "<group>";
		};
		9F335A96282439E5004DE967 /* Products */ = {
			isa = PBXGroup;
			children = (
				9F335A95282439E5004DE967 /* AppDirectory.app */,
			);
			name = Products;
			sourceTree = "<group>";
		};
		9F335A97282439E5004DE967 /* AppDirectory */ = {
			isa = PBXGroup;
			children = (
				9F335AC428244187004DE967 /* People */,
				9F335AC32824414F004DE967 /* Apis */,
				9F335AC228244144004DE967 /* Utility */,
				9F335A98282439E5004DE967 /* AppDelegate.swift */,
				9F335A9A282439E5004DE967 /* SceneDelegate.swift */,
				9F335AAC28243BF9004DE967 /* Main.storyboard */,
				9F335AA1282439E7004DE967 /* Assets.xcassets */,
				9F335AA3282439E7004DE967 /* LaunchScreen.storyboard */,
				9F335AA6282439E7004DE967 /* Info.plist */,
			);
			path = AppDirectory;
			sourceTree = "<group>";
		};
		9F335AC228244144004DE967 /* Utility */ = {
			isa = PBXGroup;
			children = (
				9F335AB428243DDB004DE967 /* Constants.swift */,
			);
			path = Utility;
			sourceTree = "<group>";
		};
		9F335AC32824414F004DE967 /* Apis */ = {
			isa = PBXGroup;
			children = (
				9F335AC028243F8B004DE967 /* ImageCacher.swift */,
				9F335ABE28243F24004DE967 /* ImageDownloader.swift */,
				9F335ABC28243EB5004DE967 /* ApiError.swift */,
				9F335ABA28243E7C004DE967 /* DirectoryApi.swift */,
				9F335AB628243E17004DE967 /* PeopleData.swift */,
				9F335AB828243E46004DE967 /* ApiTask.swift */,
			);
			path = Apis;
			sourceTree = "<group>";
		};
		9F335AC428244187004DE967 /* People */ = {
			isa = PBXGroup;
			children = (
				9F335AB028243CD6004DE967 /* PeopleViewModel.swift */,
				9F335AB228243D94004DE967 /* PeopleCollectionViewCell.swift */,
				9F335AAE28243C92004DE967 /* PeopleViewController.swift */,
			);
			path = People;
			sourceTree = "<group>";
		};
/* End PBXGroup section */

/* Begin PBXNativeTarget section */
		9F335A94282439E5004DE967 /* AppDirectory */ = {
			isa = PBXNativeTarget;
			buildConfigurationList = 9F335AA9282439E7004DE967 /* Build configuration list for PBXNativeTarget "AppDirectory" */;
			buildPhases = (
				9F335A91282439E5004DE967 /* Sources */,
				9F335A92282439E5004DE967 /* Frameworks */,
				9F335A93282439E5004DE967 /* Resources */,
			);
			buildRules = (
			);
			dependencies = (
			);
			name = AppDirectory;
			productName = AppDirectory;
			productReference = 9F335A95282439E5004DE967 /* AppDirectory.app */;
			productType = "com.apple.product-type.application";
		};
/* End PBXNativeTarget section */

/* Begin PBXProject section */
		9F335A8D282439E5004DE967 /* Project object */ = {
			isa = PBXProject;
			attributes = {
				BuildIndependentTargetsInParallel = 1;
				LastSwiftUpdateCheck = 1320;
				LastUpgradeCheck = 1320;
				TargetAttributes = {
					9F335A94282439E5004DE967 = {
						CreatedOnToolsVersion = 13.2.1;
					};
				};
			};
			buildConfigurationList = 9F335A90282439E5004DE967 /* Build configuration list for PBXProject "AppDirectory" */;
			compatibilityVersion = "Xcode 13.0";
			developmentRegion = en;
			hasScannedForEncodings = 0;
			knownRegions = (
				en,
				Base,
			);
			mainGroup = 9F335A8C282439E5004DE967;
			productRefGroup = 9F335A96282439E5004DE967 /* Products */;
			projectDirPath = "";
			projectRoot = "";
			targets = (
				9F335A94282439E5004DE967 /* AppDirectory */,
			);
		};
/* End PBXProject section */

/* Begin PBXResourcesBuildPhase section */
		9F335A93282439E5004DE967 /* Resources */ = {
			isa = PBXResourcesBuildPhase;
			buildActionMask = 2147483647;
			files = (
				9F335AAD28243BF9004DE967 /* Main.storyboard in Resources */,
				9F335AA5282439E7004DE967 /* LaunchScreen.storyboard in Resources */,
				9F335AA2282439E7004DE967 /* Assets.xcassets in Resources */,
			);
			runOnlyForDeploymentPostprocessing = 0;
		};
/* End PBXResourcesBuildPhase section */

/* Begin PBXSourcesBuildPhase section */
		9F335A91282439E5004DE967 /* Sources */ = {
			isa = PBXSourcesBuildPhase;
			buildActionMask = 2147483647;
			files = (
				9F335A99282439E5004DE967 /* AppDelegate.swift in Sources */,
				9F335AB728243E17004DE967 /* PeopleData.swift in Sources */,
				9F335AB128243CD6004DE967 /* PeopleViewModel.swift in Sources */,
				9F335ABD28243EB6004DE967 /* ApiError.swift in Sources */,
				9F335AB328243D94004DE967 /* PeopleCollectionViewCell.swift in Sources */,
				9F335AC128243F8B004DE967 /* ImageCacher.swift in Sources */,
				9F335A9B282439E5004DE967 /* SceneDelegate.swift in Sources */,
				9F335ABF28243F24004DE967 /* ImageDownloader.swift in Sources */,
				9F335AB928243E46004DE967 /* ApiTask.swift in Sources */,
				9F335AAF28243C92004DE967 /* PeopleViewController.swift in Sources */,
				9F335ABB28243E7C004DE967 /* DirectoryApi.swift in Sources */,
				9F335AB528243DDB004DE967 /* Constants.swift in Sources */,
			);
			runOnlyForDeploymentPostprocessing = 0;
		};
/* End PBXSourcesBuildPhase section */

/* Begin PBXVariantGroup section */
		9F335AA3282439E7004DE967 /* LaunchScreen.storyboard */ = {
			isa = PBXVariantGroup;
			children = (
				9F335AA4282439E7004DE967 /* Base */,
			);
			name = LaunchScreen.storyboard;
			sourceTree = "<group>";
		};
/* End PBXVariantGroup section */

/* Begin XCBuildConfiguration section */
		9F335AA7282439E7004DE967 /* Debug */ = {
			isa = XCBuildConfiguration;
			buildSettings = {
				ALWAYS_SEARCH_USER_PATHS = NO;
				CLANG_ANALYZER_NONNULL = YES;
				CLANG_ANALYZER_NUMBER_OBJECT_CONVERSION = YES_AGGRESSIVE;
				CLANG_CXX_LANGUAGE_STANDARD = "gnu++17";
				CLANG_CXX_LIBRARY = "libc++";
				CLANG_ENABLE_MODULES = YES;
				CLANG_ENABLE_OBJC_ARC = YES;
				CLANG_ENABLE_OBJC_WEAK = YES;
				CLANG_WARN_BLOCK_CAPTURE_AUTORELEASING = YES;
				CLANG_WARN_BOOL_CONVERSION = YES;
				CLANG_WARN_COMMA = YES;
				CLANG_WARN_CONSTANT_CONVERSION = YES;
				CLANG_WARN_DEPRECATED_OBJC_IMPLEMENTATIONS = YES;
				CLANG_WARN_DIRECT_OBJC_ISA_USAGE = YES_ERROR;
				CLANG_WARN_DOCUMENTATION_COMMENTS = YES;
				CLANG_WARN_EMPTY_BODY = YES;
				CLANG_WARN_ENUM_CONVERSION = YES;
				CLANG_WARN_INFINITE_RECURSION = YES;
				CLANG_WARN_INT_CONVERSION = YES;
				CLANG_WARN_NON_LITERAL_NULL_CONVERSION = YES;
				CLANG_WARN_OBJC_IMPLICIT_RETAIN_SELF = YES;
				CLANG_WARN_OBJC_LITERAL_CONVERSION = YES;
				CLANG_WARN_OBJC_ROOT_CLASS = YES_ERROR;
				CLANG_WARN_QUOTED_INCLUDE_IN_FRAMEWORK_HEADER = YES;
				CLANG_WARN_RANGE_LOOP_ANALYSIS = YES;
				CLANG_WARN_STRICT_PROTOTYPES = YES;
				CLANG_WARN_SUSPICIOUS_MOVE = YES;
				CLANG_WARN_UNGUARDED_AVAILABILITY = YES_AGGRESSIVE;
				CLANG_WARN_UNREACHABLE_CODE = YES;
				CLANG_WARN__DUPLICATE_METHOD_MATCH = YES;
				COPY_PHASE_STRIP = NO;
				DEBUG_INFORMATION_FORMAT = dwarf;
				ENABLE_STRICT_OBJC_MSGSEND = YES;
				ENABLE_TESTABILITY = YES;
				GCC_C_LANGUAGE_STANDARD = gnu11;
				GCC_DYNAMIC_NO_PIC = NO;
				GCC_NO_COMMON_BLOCKS = YES;
				GCC_OPTIMIZATION_LEVEL = 0;
				GCC_PREPROCESSOR_DEFINITIONS = (
					"DEBUG=1",
					"$(inherited)",
				);
				GCC_WARN_64_TO_32_BIT_CONVERSION = YES;
				GCC_WARN_ABOUT_RETURN_TYPE = YES_ERROR;
				GCC_WARN_UNDECLARED_SELECTOR = YES;
				GCC_WARN_UNINITIALIZED_AUTOS = YES_AGGRESSIVE;
				GCC_WARN_UNUSED_FUNCTION = YES;
				GCC_WARN_UNUSED_VARIABLE = YES;
				IPHONEOS_DEPLOYMENT_TARGET = 15.2;
				MTL_ENABLE_DEBUG_INFO = INCLUDE_SOURCE;
				MTL_FAST_MATH = YES;
				ONLY_ACTIVE_ARCH = YES;
				SDKROOT = iphoneos;
				SWIFT_ACTIVE_COMPILATION_CONDITIONS = DEBUG;
				SWIFT_OPTIMIZATION_LEVEL = "-Onone";
			};
			name = Debug;
		};
		9F335AA8282439E7004DE967 /* Release */ = {
			isa = XCBuildConfiguration;
			buildSettings = {
				ALWAYS_SEARCH_USER_PATHS = NO;
				CLANG_ANALYZER_NONNULL = YES;
				CLANG_ANALYZER_NUMBER_OBJECT_CONVERSION = YES_AGGRESSIVE;
				CLANG_CXX_LANGUAGE_STANDARD = "gnu++17";
				CLANG_CXX_LIBRARY = "libc++";
				CLANG_ENABLE_MODULES = YES;
				CLANG_ENABLE_OBJC_ARC = YES;
				CLANG_ENABLE_OBJC_WEAK = YES;
				CLANG_WARN_BLOCK_CAPTURE_AUTORELEASING = YES;
				CLANG_WARN_BOOL_CONVERSION = YES;
				CLANG_WARN_COMMA = YES;
				CLANG_WARN_CONSTANT_CONVERSION = YES;
				CLANG_WARN_DEPRECATED_OBJC_IMPLEMENTATIONS = YES;
				CLANG_WARN_DIRECT_OBJC_ISA_USAGE = YES_ERROR;
				CLANG_WARN_DOCUMENTATION_COMMENTS = YES;
				CLANG_WARN_EMPTY_BODY = YES;
				CLANG_WARN_ENUM_CONVERSION = YES;
				CLANG_WARN_INFINITE_RECURSION = YES;
				CLANG_WARN_INT_CONVERSION = YES;
				CLANG_WARN_NON_LITERAL_NULL_CONVERSION = YES;
				CLANG_WARN_OBJC_IMPLICIT_RETAIN_SELF = YES;
				CLANG_WARN_OBJC_LITERAL_CONVERSION = YES;
				CLANG_WARN_OBJC_ROOT_CLASS = YES_ERROR;
				CLANG_WARN_QUOTED_INCLUDE_IN_FRAMEWORK_HEADER = YES;
				CLANG_WARN_RANGE_LOOP_ANALYSIS = YES;
				CLANG_WARN_STRICT_PROTOTYPES = YES;
				CLANG_WARN_SUSPICIOUS_MOVE = YES;
				CLANG_WARN_UNGUARDED_AVAILABILITY = YES_AGGRESSIVE;
				CLANG_WARN_UNREACHABLE_CODE = YES;
				CLANG_WARN__DUPLICATE_METHOD_MATCH = YES;
				COPY_PHASE_STRIP = NO;
				DEBUG_INFORMATION_FORMAT = "dwarf-with-dsym";
				ENABLE_NS_ASSERTIONS = NO;
				ENABLE_STRICT_OBJC_MSGSEND = YES;
				GCC_C_LANGUAGE_STANDARD = gnu11;
				GCC_NO_COMMON_BLOCKS = YES;
				GCC_WARN_64_TO_32_BIT_CONVERSION = YES;
				GCC_WARN_ABOUT_RETURN_TYPE = YES_ERROR;
				GCC_WARN_UNDECLARED_SELECTOR = YES;
				GCC_WARN_UNINITIALIZED_AUTOS = YES_AGGRESSIVE;
				GCC_WARN_UNUSED_FUNCTION = YES;
				GCC_WARN_UNUSED_VARIABLE = YES;
				IPHONEOS_DEPLOYMENT_TARGET = 15.2;
				MTL_ENABLE_DEBUG_INFO = NO;
				MTL_FAST_MATH = YES;
				SDKROOT = iphoneos;
				SWIFT_COMPILATION_MODE = wholemodule;
				SWIFT_OPTIMIZATION_LEVEL = "-O";
				VALIDATE_PRODUCT = YES;
			};
			name = Release;
		};
		9F335AAA282439E7004DE967 /* Debug */ = {
			isa = XCBuildConfiguration;
			buildSettings = {
				ASSETCATALOG_COMPILER_APPICON_NAME = AppIcon;
				ASSETCATALOG_COMPILER_GLOBAL_ACCENT_COLOR_NAME = AccentColor;
				CODE_SIGN_STYLE = Automatic;
				CURRENT_PROJECT_VERSION = 1;
				GENERATE_INFOPLIST_FILE = YES;
				INFOPLIST_FILE = AppDirectory/Info.plist;
				INFOPLIST_KEY_UIApplicationSupportsIndirectInputEvents = YES;
				INFOPLIST_KEY_UILaunchStoryboardName = LaunchScreen;
				INFOPLIST_KEY_UIMainStoryboardFile = Main;
				INFOPLIST_KEY_UISupportedInterfaceOrientations_iPad = "UIInterfaceOrientationPortrait UIInterfaceOrientationPortraitUpsideDown UIInterfaceOrientationLandscapeLeft UIInterfaceOrientationLandscapeRight";
				INFOPLIST_KEY_UISupportedInterfaceOrientations_iPhone = "UIInterfaceOrientationPortrait UIInterfaceOrientationLandscapeLeft UIInterfaceOrientationLandscapeRight";
				LD_RUNPATH_SEARCH_PATHS = (
					"$(inherited)",
					"@executable_path/Frameworks",
				);
				MARKETING_VERSION = 1.0;
				PRODUCT_BUNDLE_IDENTIFIER = foundationProject.AppDirectory;
				PRODUCT_NAME = "$(TARGET_NAME)";
				SWIFT_EMIT_LOC_STRINGS = YES;
				SWIFT_VERSION = 5.0;
				TARGETED_DEVICE_FAMILY = "1,2";
			};
			name = Debug;
		};
		9F335AAB282439E7004DE967 /* Release */ = {
			isa = XCBuildConfiguration;
			buildSettings = {
				ASSETCATALOG_COMPILER_APPICON_NAME = AppIcon;
				ASSETCATALOG_COMPILER_GLOBAL_ACCENT_COLOR_NAME = AccentColor;
				CODE_SIGN_STYLE = Automatic;
				CURRENT_PROJECT_VERSION = 1;
				GENERATE_INFOPLIST_FILE = YES;
				INFOPLIST_FILE = AppDirectory/Info.plist;
				INFOPLIST_KEY_UIApplicationSupportsIndirectInputEvents = YES;
				INFOPLIST_KEY_UILaunchStoryboardName = LaunchScreen;
				INFOPLIST_KEY_UIMainStoryboardFile = Main;
				INFOPLIST_KEY_UISupportedInterfaceOrientations_iPad = "UIInterfaceOrientationPortrait UIInterfaceOrientationPortraitUpsideDown UIInterfaceOrientationLandscapeLeft UIInterfaceOrientationLandscapeRight";
				INFOPLIST_KEY_UISupportedInterfaceOrientations_iPhone = "UIInterfaceOrientationPortrait UIInterfaceOrientationLandscapeLeft UIInterfaceOrientationLandscapeRight";
				LD_RUNPATH_SEARCH_PATHS = (
					"$(inherited)",
					"@executable_path/Frameworks",
				);
				MARKETING_VERSION = 1.0;
				PRODUCT_BUNDLE_IDENTIFIER = foundationProject.AppDirectory;
				PRODUCT_NAME = "$(TARGET_NAME)";
				SWIFT_EMIT_LOC_STRINGS = YES;
				SWIFT_VERSION = 5.0;
				TARGETED_DEVICE_FAMILY = "1,2";
			};
			name = Release;
		};
/* End XCBuildConfiguration section */

/* Begin XCConfigurationList section */
		9F335A90282439E5004DE967 /* Build configuration list for PBXProject "AppDirectory" */ = {
			isa = XCConfigurationList;
			buildConfigurations = (
				9F335AA7282439E7004DE967 /* Debug */,
				9F335AA8282439E7004DE967 /* Release */,
			);
			defaultConfigurationIsVisible = 0;
			defaultConfigurationName = Release;
		};
		9F335AA9282439E7004DE967 /* Build configuration list for PBXNativeTarget "AppDirectory" */ = {
			isa = XCConfigurationList;
			buildConfigurations = (
				9F335AAA282439E7004DE967 /* Debug */,
				9F335AAB282439E7004DE967 /* Release */,
			);
			defaultConfigurationIsVisible = 0;
			defaultConfigurationName = Release;
		};
/* End XCConfigurationList section */
	};
	rootObject = 9F335A8D282439E5004DE967 /* Project object */;
}
